[{<<"goldrush">>,{pkg,<<"goldrush">>,<<"0.1.6">>},1},
 {<<"jsx">>,
  {git,"git://github.com/talentdeficit/jsx.git",
       {ref,"58b9887780050123a6ae9f1f8532dc5a61d11ec3"}},
  1},
 {<<"lager">>,{pkg,<<"lager">>,<<"2.1.1">>},0},
 {<<"lager_graylog">>,
  {git,"https://github.com/esl/lager_graylog.git",
       {ref,"15f5d094448baa7f7018397e8e4493e9e919edfc"}},
  0},
 {<<"lager_logstash_backend">>,
  {git,"https://github.com/QBurstPoland/lager_logstash_backend.git",
       {ref,"069f5c803b5372fb7604789ee64bcbfef78e493a"}},
  0}].
